// !$*UTF8*$!
{
	archiveVersion = 1;
	classes = {
	};
	objectVersion = 54;
	objects = {

/* Begin PBXBuildFile section */
		0D8B2D2C2DE9AF39E8817975 /* Sync in Frameworks */ = {isa = PBXBuildFile; productRef = 39D41E0AC7D2218F445DB841 /* Sync */; };
		10646B98D1D159C076429036 /* ContentView.swift in Sources */ = {isa = PBXBuildFile; fileRef = 5BD04B885A6E5B2F79FBC29F /* ContentView.swift */; };
		1339472D59A37891FF82903A /* onedrive.png in Resources */ = {isa = PBXBuildFile; fileRef = 633A97B1D60E30053D74E73C /* onedrive.png */; };
		29BD2F097CD16F4898EA2B41 /* Entitlements.plist in Resources */ = {isa = PBXBuildFile; fileRef = A87C284D34C60D71BA0ADC83 /* Entitlements.plist */; };
		33AEB539C615F6FC9B55A269 /* Dashboard in Frameworks */ = {isa = PBXBuildFile; productRef = 75B049F5AD04670F39EECE66 /* Dashboard */; };
		33FEC1D169D0F0ACD5E6F8CD /* dropbox.png in Resources */ = {isa = PBXBuildFile; fileRef = E021F192338BC544ED67982D /* dropbox.png */; };
		380C611FB88C7647E8CAE2CF /* Events in Frameworks */ = {isa = PBXBuildFile; productRef = 683359F37E9FCD86C6F0CB9B /* Events */; };
		43221448698BA07DA56F0A5C /* icloud.svg in Resources */ = {isa = PBXBuildFile; fileRef = BC6AC2B57D1463873507DBFB /* icloud.svg */; };
		4736C2EFF05E02F7BC25E2ED /* onedrive.svg in Resources */ = {isa = PBXBuildFile; fileRef = 617FAC2D93B622D15FEAE7ED /* onedrive.svg */; };
		4E2E97CED41A0BF88239162B /* FileExplorer in Frameworks */ = {isa = PBXBuildFile; productRef = 440A6708317E81A73C7E8E9C /* FileExplorer */; };
		5BF320EC613B3387652030E2 /* dropbox.svg in Resources */ = {isa = PBXBuildFile; fileRef = 256A8AE43BF68EC1733BA4BB /* dropbox.svg */; };
		65F05D9944242FAF2626DF7E /* SyncCloudApp.swift in Sources */ = {isa = PBXBuildFile; fileRef = 8FE5F4DECF59509F7C87AD52 /* SyncCloudApp.swift */; };
		6A1876FD75492A0EDA8858DE /* create_final_scheme.rb in Resources */ = {isa = PBXBuildFile; fileRef = 9F5C733C4A197E26304EFE02 /* create_final_scheme.rb */; };
		753B46093EB7AF800D2C9DC0 /* googledrive.svg in Resources */ = {isa = PBXBuildFile; fileRef = B3CD1A89AA66A7B25222F96D /* googledrive.svg */; };
		9FF561BB7A096219460CD95B /* SyncCloudTests.swift in Sources */ = {isa = PBXBuildFile; fileRef = C513AFCDA083DF5F6395A9EF /* SyncCloudTests.swift */; };
		B0BC5E35B32EAA82C6FE6354 /* run_tests_standalone.rb in Resources */ = {isa = PBXBuildFile; fileRef = AB534208C47C9E4D3BC9477B /* run_tests_standalone.rb */; };
		DF84BA277D29FBD3391EC1B2 /* icloud.png in Resources */ = {isa = PBXBuildFile; fileRef = 9031D932BC75D0093BEBFB25 /* icloud.png */; };
		E2F577C62FBA38918A5C6FCD /* Settings in Frameworks */ = {isa = PBXBuildFile; productRef = 22A2504123F7462DA6649376 /* Settings */; };
		E66AD1F9624F29BCAE7C7092 /* link_sources.rb in Resources */ = {isa = PBXBuildFile; fileRef = 5DCC923FE4C3DB92B9F3C21F /* link_sources.rb */; };
		EDEDC978B563D131631AA792 /* Assets.xcassets in Resources */ = {isa = PBXBuildFile; fileRef = 1B89B5ACEF687CEF54AD1132 /* Assets.xcassets */; };
		F666DDBF3F6D9E700A1D440A /* googledrive.png in Resources */ = {isa = PBXBuildFile; fileRef = 8B4FBF21F132A600B398B3F7 /* googledrive.png */; };
/* End PBXBuildFile section */

/* Begin PBXContainerItemProxy section */
		A67514F6C26C752CD977C301 /* PBXContainerItemProxy */ = {
			isa = PBXContainerItemProxy;
			containerPortal = 8F51E2A0E5D519A22B215402 /* Project object */;
			proxyType = 1;
			remoteGlobalIDString = 2F2A7EFC2DAEF1C44DA97076;
			remoteInfo = SyncCloud;
		};
/* End PBXContainerItemProxy section */

/* Begin PBXFileReference section */
		170F1B4A0B84D2D5970A04A4 /* Dashboard */ = {isa = PBXFileReference; lastKnownFileType = folder; name = Dashboard; path = Modules/Dashboard; sourceTree = SOURCE_ROOT; };
		1AB17A22A5B0A15B8AACA0AD /* SyncCloudTests.xctest */ = {isa = PBXFileReference; explicitFileType = wrapper.cfbundle; includeInIndex = 0; path = SyncCloudTests.xctest; sourceTree = BUILT_PRODUCTS_DIR; };
		1B89B5ACEF687CEF54AD1132 /* Assets.xcassets */ = {isa = PBXFileReference; lastKnownFileType = folder.assetcatalog; path = Assets.xcassets; sourceTree = "<group>"; };
		249BB03C6B915A11D8A07DC2 /* FileExplorer */ = {isa = PBXFileReference; lastKnownFileType = folder; name = FileExplorer; path = Modules/FileExplorer; sourceTree = SOURCE_ROOT; };
		256A8AE43BF68EC1733BA4BB /* dropbox.svg */ = {isa = PBXFileReference; path = dropbox.svg; sourceTree = "<group>"; };
		5BD04B885A6E5B2F79FBC29F /* ContentView.swift */ = {isa = PBXFileReference; lastKnownFileType = sourcecode.swift; path = ContentView.swift; sourceTree = "<group>"; };
		5DCC923FE4C3DB92B9F3C21F /* link_sources.rb */ = {isa = PBXFileReference; lastKnownFileType = text.script.ruby; path = link_sources.rb; sourceTree = "<group>"; };
		617FAC2D93B622D15FEAE7ED /* onedrive.svg */ = {isa = PBXFileReference; path = onedrive.svg; sourceTree = "<group>"; };
		633A97B1D60E30053D74E73C /* onedrive.png */ = {isa = PBXFileReference; lastKnownFileType = image.png; path = onedrive.png; sourceTree = "<group>"; };
		8B4FBF21F132A600B398B3F7 /* googledrive.png */ = {isa = PBXFileReference; lastKnownFileType = image.png; path = googledrive.png; sourceTree = "<group>"; };
		8FE5F4DECF59509F7C87AD52 /* SyncCloudApp.swift */ = {isa = PBXFileReference; lastKnownFileType = sourcecode.swift; path = SyncCloudApp.swift; sourceTree = "<group>"; };
		9031D932BC75D0093BEBFB25 /* icloud.png */ = {isa = PBXFileReference; lastKnownFileType = image.png; path = icloud.png; sourceTree = "<group>"; };
		92A469F7D5E028F9E340043E /* SyncCloud.app */ = {isa = PBXFileReference; explicitFileType = wrapper.application; includeInIndex = 0; path = SyncCloud.app; sourceTree = BUILT_PRODUCTS_DIR; };
		9F5C733C4A197E26304EFE02 /* create_final_scheme.rb */ = {isa = PBXFileReference; lastKnownFileType = text.script.ruby; path = create_final_scheme.rb; sourceTree = "<group>"; };
		A87C284D34C60D71BA0ADC83 /* Entitlements.plist */ = {isa = PBXFileReference; lastKnownFileType = text.plist; path = Entitlements.plist; sourceTree = "<group>"; };
		A936CE0A6225955E746D2CE8 /* Info.plist */ = {isa = PBXFileReference; lastKnownFileType = text.plist; path = Info.plist; sourceTree = "<group>"; };
		AB534208C47C9E4D3BC9477B /* run_tests_standalone.rb */ = {isa = PBXFileReference; lastKnownFileType = text.script.ruby; path = run_tests_standalone.rb; sourceTree = "<group>"; };
		B3CD1A89AA66A7B25222F96D /* googledrive.svg */ = {isa = PBXFileReference; path = googledrive.svg; sourceTree = "<group>"; };
		BC6AC2B57D1463873507DBFB /* icloud.svg */ = {isa = PBXFileReference; path = icloud.svg; sourceTree = "<group>"; };
		C513AFCDA083DF5F6395A9EF /* SyncCloudTests.swift */ = {isa = PBXFileReference; lastKnownFileType = sourcecode.swift; path = SyncCloudTests.swift; sourceTree = "<group>"; };
		C5488F34D4662728825C883A /* Settings */ = {isa = PBXFileReference; lastKnownFileType = folder; name = Settings; path = Modules/Settings; sourceTree = SOURCE_ROOT; };
		D9EC3A871C96FBADC3E1B909 /* Events */ = {isa = PBXFileReference; lastKnownFileType = folder; name = Events; path = Modules/Events; sourceTree = SOURCE_ROOT; };
		E021F192338BC544ED67982D /* dropbox.png */ = {isa = PBXFileReference; lastKnownFileType = image.png; path = dropbox.png; sourceTree = "<group>"; };
		E1ACD55C5C5C4606EAEACDA2 /* Sync */ = {isa = PBXFileReference; lastKnownFileType = folder; name = Sync; path = Modules/Sync; sourceTree = SOURCE_ROOT; };
/* End PBXFileReference section */

/* Begin PBXFrameworksBuildPhase section */
		BFCA4FF204EF89CF08A08935 /* Frameworks */ = {
			isa = PBXFrameworksBuildPhase;
			buildActionMask = 2147483647;
			files = (
				0D8B2D2C2DE9AF39E8817975 /* Sync in Frameworks */,
				380C611FB88C7647E8CAE2CF /* Events in Frameworks */,
				E2F577C62FBA38918A5C6FCD /* Settings in Frameworks */,
				4E2E97CED41A0BF88239162B /* FileExplorer in Frameworks */,
				33AEB539C615F6FC9B55A269 /* Dashboard in Frameworks */,
			);
			runOnlyForDeploymentPostprocessing = 0;
		};
/* End PBXFrameworksBuildPhase section */

/* Begin PBXGroup section */
		4D656DC3CF8A777043EE869F /* Products */ = {
			isa = PBXGroup;
			children = (
				92A469F7D5E028F9E340043E /* SyncCloud.app */,
				1AB17A22A5B0A15B8AACA0AD /* SyncCloudTests.xctest */,
			);
			name = Products;
			sourceTree = "<group>";
		};
		7837C1442A1D14BD86F65B6D /* Packages */ = {
			isa = PBXGroup;
			children = (
				170F1B4A0B84D2D5970A04A4 /* Dashboard */,
				D9EC3A871C96FBADC3E1B909 /* Events */,
				249BB03C6B915A11D8A07DC2 /* FileExplorer */,
				C5488F34D4662728825C883A /* Settings */,
				E1ACD55C5C5C4606EAEACDA2 /* Sync */,
			);
			name = Packages;
			sourceTree = "<group>";
		};
		A9D19D3517CAFF6696A0ABB6 /* SyncCloudTests */ = {
			isa = PBXGroup;
			children = (
				9F5C733C4A197E26304EFE02 /* create_final_scheme.rb */,
				5DCC923FE4C3DB92B9F3C21F /* link_sources.rb */,
				AB534208C47C9E4D3BC9477B /* run_tests_standalone.rb */,
				C513AFCDA083DF5F6395A9EF /* SyncCloudTests.swift */,
			);
			path = SyncCloudTests;
			sourceTree = "<group>";
		};
		AE23DCEADCE07A4AE1CD6CA6 /* MacApp */ = {
			isa = PBXGroup;
			children = (
				1B89B5ACEF687CEF54AD1132 /* Assets.xcassets */,
				5BD04B885A6E5B2F79FBC29F /* ContentView.swift */,
				A87C284D34C60D71BA0ADC83 /* Entitlements.plist */,
				A936CE0A6225955E746D2CE8 /* Info.plist */,
				8FE5F4DECF59509F7C87AD52 /* SyncCloudApp.swift */,
				F1A882B42A0FB20D7C03266E /* Resources */,
			);
			path = MacApp;
			sourceTree = "<group>";
		};
		F1A882B42A0FB20D7C03266E /* Resources */ = {
			isa = PBXGroup;
			children = (
				E021F192338BC544ED67982D /* dropbox.png */,
				256A8AE43BF68EC1733BA4BB /* dropbox.svg */,
				8B4FBF21F132A600B398B3F7 /* googledrive.png */,
				B3CD1A89AA66A7B25222F96D /* googledrive.svg */,
				9031D932BC75D0093BEBFB25 /* icloud.png */,
				BC6AC2B57D1463873507DBFB /* icloud.svg */,
				633A97B1D60E30053D74E73C /* onedrive.png */,
				617FAC2D93B622D15FEAE7ED /* onedrive.svg */,
			);
			path = Resources;
			sourceTree = "<group>";
		};
		FB6628FEB50DBD7D836C433A = {
			isa = PBXGroup;
			children = (
				AE23DCEADCE07A4AE1CD6CA6 /* MacApp */,
				7837C1442A1D14BD86F65B6D /* Packages */,
				A9D19D3517CAFF6696A0ABB6 /* SyncCloudTests */,
				4D656DC3CF8A777043EE869F /* Products */,
			);
			sourceTree = "<group>";
		};
/* End PBXGroup section */

/* Begin PBXNativeTarget section */
		2F2A7EFC2DAEF1C44DA97076 /* SyncCloud */ = {
			isa = PBXNativeTarget;
			buildConfigurationList = 04C9C96AA41CE4D2202BC1BE /* Build configuration list for PBXNativeTarget "SyncCloud" */;
			buildPhases = (
				BEDE03EC165E04CF66C58B10 /* Sources */,
				65C2EB0254F324CA033DC05F /* Resources */,
				BFCA4FF204EF89CF08A08935 /* Frameworks */,
			);
			buildRules = (
			);
			dependencies = (
			);
			name = SyncCloud;
			packageProductDependencies = (
				39D41E0AC7D2218F445DB841 /* Sync */,
				683359F37E9FCD86C6F0CB9B /* Events */,
				22A2504123F7462DA6649376 /* Settings */,
				440A6708317E81A73C7E8E9C /* FileExplorer */,
				75B049F5AD04670F39EECE66 /* Dashboard */,
			);
			productName = SyncCloud;
			productReference = 92A469F7D5E028F9E340043E /* SyncCloud.app */;
			productType = "com.apple.product-type.application";
		};
		37A4AF72B8A9D9F9B8ACAC13 /* SyncCloudTests */ = {
			isa = PBXNativeTarget;
			buildConfigurationList = FD96A3DEF0E229FD077F2A66 /* Build configuration list for PBXNativeTarget "SyncCloudTests" */;
			buildPhases = (
				1F15A6B8E327A1F06B410111 /* Sources */,
				DC49C5D5DF7BC6ADE1648908 /* Resources */,
			);
			buildRules = (
			);
			dependencies = (
				EE3A518DA3967C3F1D848A4F /* PBXTargetDependency */,
			);
			name = SyncCloudTests;
			packageProductDependencies = (
			);
			productName = SyncCloudTests;
			productReference = 1AB17A22A5B0A15B8AACA0AD /* SyncCloudTests.xctest */;
			productType = "com.apple.product-type.bundle.unit-test";
		};
/* End PBXNativeTarget section */

/* Begin PBXProject section */
		8F51E2A0E5D519A22B215402 /* Project object */ = {
			isa = PBXProject;
			attributes = {
				BuildIndependentTargetsInParallel = YES;
				LastUpgradeCheck = 1430;
				TargetAttributes = {
				};
			};
			buildConfigurationList = 16BD5C9CB332E24129A47488 /* Build configuration list for PBXProject "SyncCloud" */;
			compatibilityVersion = "Xcode 14.0";
			developmentRegion = en;
			hasScannedForEncodings = 0;
			knownRegions = (
				Base,
				en,
			);
			mainGroup = FB6628FEB50DBD7D836C433A;
			minimizedProjectReferenceProxies = 1;
			packageReferences = (
				2CD19BF029870CFD3D4BF104 /* XCLocalSwiftPackageReference "Modules/Dashboard" */,
				7ECD0AA3B0C193CF6DF58432 /* XCLocalSwiftPackageReference "Modules/Events" */,
				AEEC40863BF905104595698B /* XCLocalSwiftPackageReference "Modules/FileExplorer" */,
				EA0FECB5527A76FAA3BDABD5 /* XCLocalSwiftPackageReference "Modules/Settings" */,
				856C0C7A3341F538C7868FDC /* XCLocalSwiftPackageReference "Modules/Sync" */,
			);
			preferredProjectObjectVersion = 54;
			projectDirPath = "";
			projectRoot = "";
			targets = (
				2F2A7EFC2DAEF1C44DA97076 /* SyncCloud */,
				37A4AF72B8A9D9F9B8ACAC13 /* SyncCloudTests */,
			);
		};
/* End PBXProject section */

/* Begin PBXResourcesBuildPhase section */
		65C2EB0254F324CA033DC05F /* Resources */ = {
			isa = PBXResourcesBuildPhase;
			buildActionMask = 2147483647;
			files = (
				EDEDC978B563D131631AA792 /* Assets.xcassets in Resources */,
				29BD2F097CD16F4898EA2B41 /* Entitlements.plist in Resources */,
				33FEC1D169D0F0ACD5E6F8CD /* dropbox.png in Resources */,
				5BF320EC613B3387652030E2 /* dropbox.svg in Resources */,
				F666DDBF3F6D9E700A1D440A /* googledrive.png in Resources */,
				753B46093EB7AF800D2C9DC0 /* googledrive.svg in Resources */,
				DF84BA277D29FBD3391EC1B2 /* icloud.png in Resources */,
				43221448698BA07DA56F0A5C /* icloud.svg in Resources */,
				1339472D59A37891FF82903A /* onedrive.png in Resources */,
				4736C2EFF05E02F7BC25E2ED /* onedrive.svg in Resources */,
			);
			runOnlyForDeploymentPostprocessing = 0;
		};
		DC49C5D5DF7BC6ADE1648908 /* Resources */ = {
			isa = PBXResourcesBuildPhase;
			buildActionMask = 2147483647;
			files = (
				6A1876FD75492A0EDA8858DE /* create_final_scheme.rb in Resources */,
				E66AD1F9624F29BCAE7C7092 /* link_sources.rb in Resources */,
				B0BC5E35B32EAA82C6FE6354 /* run_tests_standalone.rb in Resources */,
			);
			runOnlyForDeploymentPostprocessing = 0;
		};
/* End PBXResourcesBuildPhase section */

/* Begin PBXSourcesBuildPhase section */
		1F15A6B8E327A1F06B410111 /* Sources */ = {
			isa = PBXSourcesBuildPhase;
			buildActionMask = 2147483647;
			files = (
				9FF561BB7A096219460CD95B /* SyncCloudTests.swift in Sources */,
			);
			runOnlyForDeploymentPostprocessing = 0;
		};
		BEDE03EC165E04CF66C58B10 /* Sources */ = {
			isa = PBXSourcesBuildPhase;
			buildActionMask = 2147483647;
			files = (
				10646B98D1D159C076429036 /* ContentView.swift in Sources */,
				65F05D9944242FAF2626DF7E /* SyncCloudApp.swift in Sources */,
			);
			runOnlyForDeploymentPostprocessing = 0;
		};
/* End PBXSourcesBuildPhase section */

/* Begin PBXTargetDependency section */
		EE3A518DA3967C3F1D848A4F /* PBXTargetDependency */ = {
			isa = PBXTargetDependency;
			target = 2F2A7EFC2DAEF1C44DA97076 /* SyncCloud */;
			targetProxy = A67514F6C26C752CD977C301 /* PBXContainerItemProxy */;
		};
/* End PBXTargetDependency section */

/* Begin XCBuildConfiguration section */
		34D2844DA7282FDB5B0110EF /* Release */ = {
			isa = XCBuildConfiguration;
			buildSettings = {
				ALWAYS_SEARCH_USER_PATHS = NO;
				CLANG_ANALYZER_NONNULL = YES;
				CLANG_ANALYZER_NUMBER_OBJECT_CONVERSION = YES_AGGRESSIVE;
				CLANG_CXX_LANGUAGE_STANDARD = "gnu++14";
				CLANG_CXX_LIBRARY = "libc++";
				CLANG_ENABLE_MODULES = YES;
				CLANG_ENABLE_OBJC_ARC = YES;
				CLANG_ENABLE_OBJC_WEAK = YES;
				CLANG_WARN_BLOCK_CAPTURE_AUTORELEASING = YES;
				CLANG_WARN_BOOL_CONVERSION = YES;
				CLANG_WARN_COMMA = YES;
				CLANG_WARN_CONSTANT_CONVERSION = YES;
				CLANG_WARN_DEPRECATED_OBJC_IMPLEMENTATIONS = YES;
				CLANG_WARN_DIRECT_OBJC_ISA_USAGE = YES_ERROR;
				CLANG_WARN_DOCUMENTATION_COMMENTS = YES;
				CLANG_WARN_EMPTY_BODY = YES;
				CLANG_WARN_ENUM_CONVERSION = YES;
				CLANG_WARN_INFINITE_RECURSION = YES;
				CLANG_WARN_INT_CONVERSION = YES;
				CLANG_WARN_NON_LITERAL_NULL_CONVERSION = YES;
				CLANG_WARN_OBJC_IMPLICIT_RETAIN_SELF = YES;
				CLANG_WARN_OBJC_LITERAL_CONVERSION = YES;
				CLANG_WARN_OBJC_ROOT_CLASS = YES_ERROR;
				CLANG_WARN_QUOTED_INCLUDE_IN_FRAMEWORK_HEADER = YES;
				CLANG_WARN_RANGE_LOOP_ANALYSIS = YES;
				CLANG_WARN_STRICT_PROTOTYPES = YES;
				CLANG_WARN_SUSPICIOUS_MOVE = YES;
				CLANG_WARN_UNGUARDED_AVAILABILITY = YES_AGGRESSIVE;
				CLANG_WARN_UNREACHABLE_CODE = YES;
				CLANG_WARN__DUPLICATE_METHOD_MATCH = YES;
				COPY_PHASE_STRIP = NO;
				DEBUG_INFORMATION_FORMAT = "dwarf-with-dsym";
				ENABLE_NS_ASSERTIONS = NO;
				ENABLE_STRICT_OBJC_MSGSEND = YES;
				GCC_C_LANGUAGE_STANDARD = gnu11;
				GCC_NO_COMMON_BLOCKS = YES;
				GCC_WARN_64_TO_32_BIT_CONVERSION = YES;
				GCC_WARN_ABOUT_RETURN_TYPE = YES_ERROR;
				GCC_WARN_UNDECLARED_SELECTOR = YES;
				GCC_WARN_UNINITIALIZED_AUTOS = YES_AGGRESSIVE;
				GCC_WARN_UNUSED_FUNCTION = YES;
				GCC_WARN_UNUSED_VARIABLE = YES;
				MTL_ENABLE_DEBUG_INFO = NO;
				MTL_FAST_MATH = YES;
				PRODUCT_NAME = "$(TARGET_NAME)";
				SDKROOT = macosx;
				SWIFT_COMPILATION_MODE = wholemodule;
				SWIFT_OPTIMIZATION_LEVEL = "-O";
				SWIFT_VERSION = 5.0;
			};
			name = Release;
		};
		428649DEAE29B2B0E2CE7809 /* Debug */ = {
			isa = XCBuildConfiguration;
			buildSettings = {
				BUNDLE_LOADER = "$(TEST_HOST)";
				COMBINE_HIDPI_IMAGES = YES;
				GENERATE_INFOPLIST_FILE = YES;
				LD_RUNPATH_SEARCH_PATHS = (
					"$(inherited)",
					"@executable_path/../Frameworks",
					"@loader_path/../Frameworks",
				);
				PRODUCT_BUNDLE_IDENTIFIER = com.example.SyncCloudTests;
				SDKROOT = macosx;
				TEST_HOST = "$(BUILT_PRODUCTS_DIR)/SyncCloud.app/Contents/MacOS/SyncCloud";
			};
			name = Debug;
		};
		B2EFAEABFDD0D25A8C04D2F4 /* Debug */ = {
			isa = XCBuildConfiguration;
			buildSettings = {
				ASSETCATALOG_COMPILER_APPICON_NAME = AppIcon;
				COMBINE_HIDPI_IMAGES = YES;
				INFOPLIST_FILE = MacApp/Info.plist;
				LD_RUNPATH_SEARCH_PATHS = (
					"$(inherited)",
					"@executable_path/../Frameworks",
				);
				MACOSX_DEPLOYMENT_TARGET = 15.0;
				PRODUCT_BUNDLE_IDENTIFIER = com.example.SyncCloud;
				SDKROOT = macosx;
			};
			name = Debug;
		};
		C3C8465444B0F77A19FA8ED8 /* Release */ = {
			isa = XCBuildConfiguration;
			buildSettings = {
				BUNDLE_LOADER = "$(TEST_HOST)";
				COMBINE_HIDPI_IMAGES = YES;
				GENERATE_INFOPLIST_FILE = YES;
				LD_RUNPATH_SEARCH_PATHS = (
					"$(inherited)",
					"@executable_path/../Frameworks",
					"@loader_path/../Frameworks",
				);
				PRODUCT_BUNDLE_IDENTIFIER = com.example.SyncCloudTests;
				SDKROOT = macosx;
				TEST_HOST = "$(BUILT_PRODUCTS_DIR)/SyncCloud.app/Contents/MacOS/SyncCloud";
			};
			name = Release;
		};
		DD200FE54550F144E4F623AB /* Release */ = {
			isa = XCBuildConfiguration;
			buildSettings = {
				ASSETCATALOG_COMPILER_APPICON_NAME = AppIcon;
				COMBINE_HIDPI_IMAGES = YES;
				INFOPLIST_FILE = MacApp/Info.plist;
				LD_RUNPATH_SEARCH_PATHS = (
					"$(inherited)",
					"@executable_path/../Frameworks",
				);
				MACOSX_DEPLOYMENT_TARGET = 15.0;
				PRODUCT_BUNDLE_IDENTIFIER = com.example.SyncCloud;
				SDKROOT = macosx;
			};
			name = Release;
		};
		E63F40BEEE022E2CAFAD7A3F /* Debug */ = {
			isa = XCBuildConfiguration;
			buildSettings = {
				ALWAYS_SEARCH_USER_PATHS = NO;
				CLANG_ANALYZER_NONNULL = YES;
				CLANG_ANALYZER_NUMBER_OBJECT_CONVERSION = YES_AGGRESSIVE;
				CLANG_CXX_LANGUAGE_STANDARD = "gnu++14";
				CLANG_CXX_LIBRARY = "libc++";
				CLANG_ENABLE_MODULES = YES;
				CLANG_ENABLE_OBJC_ARC = YES;
				CLANG_ENABLE_OBJC_WEAK = YES;
				CLANG_WARN_BLOCK_CAPTURE_AUTORELEASING = YES;
				CLANG_WARN_BOOL_CONVERSION = YES;
				CLANG_WARN_COMMA = YES;
				CLANG_WARN_CONSTANT_CONVERSION = YES;
				CLANG_WARN_DEPRECATED_OBJC_IMPLEMENTATIONS = YES;
				CLANG_WARN_DIRECT_OBJC_ISA_USAGE = YES_ERROR;
				CLANG_WARN_DOCUMENTATION_COMMENTS = YES;
				CLANG_WARN_EMPTY_BODY = YES;
				CLANG_WARN_ENUM_CONVERSION = YES;
				CLANG_WARN_INFINITE_RECURSION = YES;
				CLANG_WARN_INT_CONVERSION = YES;
				CLANG_WARN_NON_LITERAL_NULL_CONVERSION = YES;
				CLANG_WARN_OBJC_IMPLICIT_RETAIN_SELF = YES;
				CLANG_WARN_OBJC_LITERAL_CONVERSION = YES;
				CLANG_WARN_OBJC_ROOT_CLASS = YES_ERROR;
				CLANG_WARN_QUOTED_INCLUDE_IN_FRAMEWORK_HEADER = YES;
				CLANG_WARN_RANGE_LOOP_ANALYSIS = YES;
				CLANG_WARN_STRICT_PROTOTYPES = YES;
				CLANG_WARN_SUSPICIOUS_MOVE = YES;
				CLANG_WARN_UNGUARDED_AVAILABILITY = YES_AGGRESSIVE;
				CLANG_WARN_UNREACHABLE_CODE = YES;
				CLANG_WARN__DUPLICATE_METHOD_MATCH = YES;
				COPY_PHASE_STRIP = NO;
				DEBUG_INFORMATION_FORMAT = dwarf;
				ENABLE_STRICT_OBJC_MSGSEND = YES;
				ENABLE_TESTABILITY = YES;
				GCC_C_LANGUAGE_STANDARD = gnu11;
				GCC_DYNAMIC_NO_PIC = NO;
				GCC_NO_COMMON_BLOCKS = YES;
				GCC_OPTIMIZATION_LEVEL = 0;
				GCC_PREPROCESSOR_DEFINITIONS = (
					"$(inherited)",
					"DEBUG=1",
				);
				GCC_WARN_64_TO_32_BIT_CONVERSION = YES;
				GCC_WARN_ABOUT_RETURN_TYPE = YES_ERROR;
				GCC_WARN_UNDECLARED_SELECTOR = YES;
				GCC_WARN_UNINITIALIZED_AUTOS = YES_AGGRESSIVE;
				GCC_WARN_UNUSED_FUNCTION = YES;
				GCC_WARN_UNUSED_VARIABLE = YES;
				MTL_ENABLE_DEBUG_INFO = INCLUDE_SOURCE;
				MTL_FAST_MATH = YES;
				ONLY_ACTIVE_ARCH = YES;
				PRODUCT_NAME = "$(TARGET_NAME)";
				SDKROOT = macosx;
				SWIFT_ACTIVE_COMPILATION_CONDITIONS = DEBUG;
				SWIFT_OPTIMIZATION_LEVEL = "-Onone";
				SWIFT_VERSION = 5.0;
			};
			name = Debug;
		};
/* End XCBuildConfiguration section */

/* Begin XCConfigurationList section */
		04C9C96AA41CE4D2202BC1BE /* Build configuration list for PBXNativeTarget "SyncCloud" */ = {
			isa = XCConfigurationList;
			buildConfigurations = (
				B2EFAEABFDD0D25A8C04D2F4 /* Debug */,
				DD200FE54550F144E4F623AB /* Release */,
			);
			defaultConfigurationIsVisible = 0;
			defaultConfigurationName = Debug;
		};
		16BD5C9CB332E24129A47488 /* Build configuration list for PBXProject "SyncCloud" */ = {
			isa = XCConfigurationList;
			buildConfigurations = (
				E63F40BEEE022E2CAFAD7A3F /* Debug */,
				34D2844DA7282FDB5B0110EF /* Release */,
			);
			defaultConfigurationIsVisible = 0;
			defaultConfigurationName = Debug;
		};
		FD96A3DEF0E229FD077F2A66 /* Build configuration list for PBXNativeTarget "SyncCloudTests" */ = {
			isa = XCConfigurationList;
			buildConfigurations = (
				428649DEAE29B2B0E2CE7809 /* Debug */,
				C3C8465444B0F77A19FA8ED8 /* Release */,
			);
			defaultConfigurationIsVisible = 0;
			defaultConfigurationName = Debug;
		};
/* End XCConfigurationList section */

/* Begin XCLocalSwiftPackageReference section */
		2CD19BF029870CFD3D4BF104 /* XCLocalSwiftPackageReference "Modules/Dashboard" */ = {
			isa = XCLocalSwiftPackageReference;
			relativePath = Modules/Dashboard;
		};
		7ECD0AA3B0C193CF6DF58432 /* XCLocalSwiftPackageReference "Modules/Events" */ = {
			isa = XCLocalSwiftPackageReference;
			relativePath = Modules/Events;
		};
		856C0C7A3341F538C7868FDC /* XCLocalSwiftPackageReference "Modules/Sync" */ = {
			isa = XCLocalSwiftPackageReference;
			relativePath = Modules/Sync;
		};
		AEEC40863BF905104595698B /* XCLocalSwiftPackageReference "Modules/FileExplorer" */ = {
			isa = XCLocalSwiftPackageReference;
			relativePath = Modules/FileExplorer;
		};
		EA0FECB5527A76FAA3BDABD5 /* XCLocalSwiftPackageReference "Modules/Settings" */ = {
			isa = XCLocalSwiftPackageReference;
			relativePath = Modules/Settings;
		};
/* End XCLocalSwiftPackageReference section */

/* Begin XCSwiftPackageProductDependency section */
		22A2504123F7462DA6649376 /* Settings */ = {
			isa = XCSwiftPackageProductDependency;
			productName = Settings;
		};
		39D41E0AC7D2218F445DB841 /* Sync */ = {
			isa = XCSwiftPackageProductDependency;
			productName = Sync;
		};
		440A6708317E81A73C7E8E9C /* FileExplorer */ = {
			isa = XCSwiftPackageProductDependency;
			productName = FileExplorer;
		};
		683359F37E9FCD86C6F0CB9B /* Events */ = {
			isa = XCSwiftPackageProductDependency;
			productName = Events;
		};
		75B049F5AD04670F39EECE66 /* Dashboard */ = {
			isa = XCSwiftPackageProductDependency;
			productName = Dashboard;
		};
/* End XCSwiftPackageProductDependency section */
	};
	rootObject = 8F51E2A0E5D519A22B215402 /* Project object */;
}
